
Microsoft Visual Studio Solution File, Format Version 12.00
# Visual Studio Version 16
VisualStudioVersion = 16.0.29709.97
MinimumVisualStudioVersion = 10.0.40219.1
Project("{FAE04EC0-301F-11D3-BF4B-00C04F79EFBC}") = "KF2Uni", "KF2Uni\KF2Uni.csproj", "{6947F371-5C6A-4C9B-9465-4528F1F26580}"
EndProject
Global
	GlobalSection(SolutionConfigurationPlatforms) = preSolution
		Debug|Any CPU = Debug|Any CPU
		Release|Any CPU = Release|Any CPU
	EndGlobalSection
	GlobalSection(ProjectConfigurationPlatforms) = postSolution
		{6947F371-5C6A-4C9B-9465-4528F1F26580}.Debug|Any CPU.ActiveCfg = Debug|Any CPU
		{6947F371-5C6A-4C9B-9465-4528F1F26580}.Debug|Any CPU.Build.0 = Debug|Any CPU
		{6947F371-5C6A-4C9B-9465-4528F1F26580}.Release|Any CPU.ActiveCfg = Release|Any CPU
		{6947F371-5C6A-4C9B-9465-4528F1F26580}.Release|Any CPU.Build.0 = Release|Any CPU
	EndGlobalSection
	GlobalSection(SolutionProperties) = preSolution
		HideSolutionNode = FALSE
	EndGlobalSection
	GlobalSection(ExtensibilityGlobals) = postSolution
		SolutionGuid = {630B9F64-C14E-4258-BC2D-EF6DAE90D15B}
	EndGlobalSection
EndGlobal
