
Microsoft Visual Studio Solution File, Format Version 12.00
# Visual Studio Version 16
VisualStudioVersion = 16.0.29613.14
MinimumVisualStudioVersion = 10.0.40219.1
Project("{FAE04EC0-301F-11D3-BF4B-00C04F79EFBC}") = "ClassLibrary1", "ClassLibrary1\ClassLibrary1.csproj", "{1593877B-DB0D-47C1-BFBD-8440D86D3AEB}"
EndProject
Global
	GlobalSection(SolutionConfigurationPlatforms) = preSolution
		Debug|Any CPU = Debug|Any CPU
		Release|Any CPU = Release|Any CPU
	EndGlobalSection
	GlobalSection(ProjectConfigurationPlatforms) = postSolution
		{1593877B-DB0D-47C1-BFBD-8440D86D3AEB}.Debug|Any CPU.ActiveCfg = Debug|Any CPU
		{1593877B-DB0D-47C1-BFBD-8440D86D3AEB}.Debug|Any CPU.Build.0 = Debug|Any CPU
		{1593877B-DB0D-47C1-BFBD-8440D86D3AEB}.Release|Any CPU.ActiveCfg = Release|Any CPU
		{1593877B-DB0D-47C1-BFBD-8440D86D3AEB}.Release|Any CPU.Build.0 = Release|Any CPU
	EndGlobalSection
	GlobalSection(SolutionProperties) = preSolution
		HideSolutionNode = FALSE
	EndGlobalSection
	GlobalSection(ExtensibilityGlobals) = postSolution
		SolutionGuid = {ADBE7D45-4CBA-40B0-8FAE-769C11257B4F}
	EndGlobalSection
EndGlobal
